
Microsoft Visual Studio Solution File, Format Version 12.00
# Visual Studio Version 17
VisualStudioVersion = 17.6.33829.357
MinimumVisualStudioVersion = 10.0.40219.1
Project("{FAE04EC0-301F-11D3-BF4B-00C04F79EFBC}") = "ConsoleApp6", "ConsoleApp6\ConsoleApp6.csproj", "{37F5364D-D516-4B49-B0E6-2B59F019E5EF}"
EndProject
Global
	GlobalSection(SolutionConfigurationPlatforms) = preSolution
		Debug|Any CPU = Debug|Any CPU
		Release|Any CPU = Release|Any CPU
	EndGlobalSection
	GlobalSection(ProjectConfigurationPlatforms) = postSolution
		{37F5364D-D516-4B49-B0E6-2B59F019E5EF}.Debug|Any CPU.ActiveCfg = Debug|Any CPU
		{37F5364D-D516-4B49-B0E6-2B59F019E5EF}.Debug|Any CPU.Build.0 = Debug|Any CPU
		{37F5364D-D516-4B49-B0E6-2B59F019E5EF}.Release|Any CPU.ActiveCfg = Release|Any CPU
		{37F5364D-D516-4B49-B0E6-2B59F019E5EF}.Release|Any CPU.Build.0 = Release|Any CPU
	EndGlobalSection
	GlobalSection(SolutionProperties) = preSolution
		HideSolutionNode = FALSE
	EndGlobalSection
	GlobalSection(ExtensibilityGlobals) = postSolution
		SolutionGuid = {705A7799-815B-4877-B3B2-B4648DED2912}
	EndGlobalSection
EndGlobal
